
Microsoft Visual Studio Solution File, Format Version 12.00
# Visual Studio Version 16
VisualStudioVersion = 16.0.30413.136
MinimumVisualStudioVersion = 10.0.40219.1
Project("{FAE04EC0-301F-11D3-BF4B-00C04F79EFBC}") = "Pre-Tarea_AngelicaGarcia", "Pre-Tarea_AngelicaGarcia\Pre-Tarea_AngelicaGarcia.csproj", "{A56E8C55-AD01-4C74-B84F-A072B727A054}"
EndProject
Global
	GlobalSection(SolutionConfigurationPlatforms) = preSolution
		Debug|Any CPU = Debug|Any CPU
		Release|Any CPU = Release|Any CPU
	EndGlobalSection
	GlobalSection(ProjectConfigurationPlatforms) = postSolution
		{A56E8C55-AD01-4C74-B84F-A072B727A054}.Debug|Any CPU.ActiveCfg = Debug|Any CPU
		{A56E8C55-AD01-4C74-B84F-A072B727A054}.Debug|Any CPU.Build.0 = Debug|Any CPU
		{A56E8C55-AD01-4C74-B84F-A072B727A054}.Release|Any CPU.ActiveCfg = Release|Any CPU
		{A56E8C55-AD01-4C74-B84F-A072B727A054}.Release|Any CPU.Build.0 = Release|Any CPU
	EndGlobalSection
	GlobalSection(SolutionProperties) = preSolution
		HideSolutionNode = FALSE
	EndGlobalSection
	GlobalSection(ExtensibilityGlobals) = postSolution
		SolutionGuid = {1A3C36A7-2EDF-4588-976B-3D26CB0A74F3}
	EndGlobalSection
EndGlobal
